// !$*UTF8*$!
{
	archiveVersion = 1;
	classes = {
	};
	objectVersion = 56;
	objects = {

/* Begin PBXBuildFile section */
		C39568732C4D30AC00564DEC /* FitnessAppMeroApp.swift in Sources */ = {isa = PBXBuildFile; fileRef = C39568722C4D30AC00564DEC /* FitnessAppMeroApp.swift */; };
		C39568752C4D30AC00564DEC /* ContentView.swift in Sources */ = {isa = PBXBuildFile; fileRef = C39568742C4D30AC00564DEC /* ContentView.swift */; };
		C39568772C4D30AE00564DEC /* Assets.xcassets in Resources */ = {isa = PBXBuildFile; fileRef = C39568762C4D30AE00564DEC /* Assets.xcassets */; };
		C395687A2C4D30AE00564DEC /* Preview Assets.xcassets in Resources */ = {isa = PBXBuildFile; fileRef = C39568792C4D30AE00564DEC /* Preview Assets.xcassets */; };
		C39568812C4E675100564DEC /* HomeView.swift in Sources */ = {isa = PBXBuildFile; fileRef = C39568802C4E675100564DEC /* HomeView.swift */; };
		C39568832C4E676200564DEC /* HistoricDataView.swift in Sources */ = {isa = PBXBuildFile; fileRef = C39568822C4E676200564DEC /* HistoricDataView.swift */; };
		C39568852C4E677900564DEC /* FitnessTabView.swift in Sources */ = {isa = PBXBuildFile; fileRef = C39568842C4E677900564DEC /* FitnessTabView.swift */; };
		C39568872C4E6B9000564DEC /* ProgressCircleView.swift in Sources */ = {isa = PBXBuildFile; fileRef = C39568862C4E6B9000564DEC /* ProgressCircleView.swift */; };
		C395688A2C4E71DD00564DEC /* ActivityCard.swift in Sources */ = {isa = PBXBuildFile; fileRef = C39568892C4E71DD00564DEC /* ActivityCard.swift */; };
		C395688C2C4E796700564DEC /* WorkoutCard.swift in Sources */ = {isa = PBXBuildFile; fileRef = C395688B2C4E796700564DEC /* WorkoutCard.swift */; };
		C395688F2C4EC4BA00564DEC /* HomeViewModel.swift in Sources */ = {isa = PBXBuildFile; fileRef = C395688E2C4EC4BA00564DEC /* HomeViewModel.swift */; };
		C39568932C4EC91C00564DEC /* Activity.swift in Sources */ = {isa = PBXBuildFile; fileRef = C39568922C4EC91C00564DEC /* Activity.swift */; };
		C39568952C4EC94000564DEC /* Workout.swift in Sources */ = {isa = PBXBuildFile; fileRef = C39568942C4EC94000564DEC /* Workout.swift */; };
		C39568992C4ED10300564DEC /* HealthManager.swift in Sources */ = {isa = PBXBuildFile; fileRef = C39568982C4ED10300564DEC /* HealthManager.swift */; };
/* End PBXBuildFile section */

/* Begin PBXFileReference section */
		C395686F2C4D30AC00564DEC /* FitnessAppMero.app */ = {isa = PBXFileReference; explicitFileType = wrapper.application; includeInIndex = 0; path = FitnessAppMero.app; sourceTree = BUILT_PRODUCTS_DIR; };
		C39568722C4D30AC00564DEC /* FitnessAppMeroApp.swift */ = {isa = PBXFileReference; lastKnownFileType = sourcecode.swift; path = FitnessAppMeroApp.swift; sourceTree = "<group>"; };
		C39568742C4D30AC00564DEC /* ContentView.swift */ = {isa = PBXFileReference; lastKnownFileType = sourcecode.swift; path = ContentView.swift; sourceTree = "<group>"; };
		C39568762C4D30AE00564DEC /* Assets.xcassets */ = {isa = PBXFileReference; lastKnownFileType = folder.assetcatalog; path = Assets.xcassets; sourceTree = "<group>"; };
		C39568792C4D30AE00564DEC /* Preview Assets.xcassets */ = {isa = PBXFileReference; lastKnownFileType = folder.assetcatalog; path = "Preview Assets.xcassets"; sourceTree = "<group>"; };
		C39568802C4E675100564DEC /* HomeView.swift */ = {isa = PBXFileReference; lastKnownFileType = sourcecode.swift; path = HomeView.swift; sourceTree = "<group>"; };
		C39568822C4E676200564DEC /* HistoricDataView.swift */ = {isa = PBXFileReference; lastKnownFileType = sourcecode.swift; path = HistoricDataView.swift; sourceTree = "<group>"; };
		C39568842C4E677900564DEC /* FitnessTabView.swift */ = {isa = PBXFileReference; lastKnownFileType = sourcecode.swift; path = FitnessTabView.swift; sourceTree = "<group>"; };
		C39568862C4E6B9000564DEC /* ProgressCircleView.swift */ = {isa = PBXFileReference; lastKnownFileType = sourcecode.swift; path = ProgressCircleView.swift; sourceTree = "<group>"; };
		C39568892C4E71DD00564DEC /* ActivityCard.swift */ = {isa = PBXFileReference; lastKnownFileType = sourcecode.swift; path = ActivityCard.swift; sourceTree = "<group>"; };
		C395688B2C4E796700564DEC /* WorkoutCard.swift */ = {isa = PBXFileReference; lastKnownFileType = sourcecode.swift; path = WorkoutCard.swift; sourceTree = "<group>"; };
		C395688E2C4EC4BA00564DEC /* HomeViewModel.swift */ = {isa = PBXFileReference; lastKnownFileType = sourcecode.swift; path = HomeViewModel.swift; sourceTree = "<group>"; };
		C39568922C4EC91C00564DEC /* Activity.swift */ = {isa = PBXFileReference; lastKnownFileType = sourcecode.swift; path = Activity.swift; sourceTree = "<group>"; };
		C39568942C4EC94000564DEC /* Workout.swift */ = {isa = PBXFileReference; lastKnownFileType = sourcecode.swift; path = Workout.swift; sourceTree = "<group>"; };
		C39568962C4ECE4A00564DEC /* FitnessAppMero.entitlements */ = {isa = PBXFileReference; lastKnownFileType = text.plist.entitlements; path = FitnessAppMero.entitlements; sourceTree = "<group>"; };
		C39568982C4ED10300564DEC /* HealthManager.swift */ = {isa = PBXFileReference; lastKnownFileType = sourcecode.swift; path = HealthManager.swift; sourceTree = "<group>"; };
/* End PBXFileReference section */

/* Begin PBXFrameworksBuildPhase section */
		C395686C2C4D30AC00564DEC /* Frameworks */ = {
			isa = PBXFrameworksBuildPhase;
			buildActionMask = 2147483647;
			files = (
			);
			runOnlyForDeploymentPostprocessing = 0;
		};
/* End PBXFrameworksBuildPhase section */

/* Begin PBXGroup section */
		C39568662C4D30AC00564DEC = {
			isa = PBXGroup;
			children = (
				C39568712C4D30AC00564DEC /* FitnessAppMero */,
				C39568702C4D30AC00564DEC /* Products */,
			);
			sourceTree = "<group>";
		};
		C39568702C4D30AC00564DEC /* Products */ = {
			isa = PBXGroup;
			children = (
				C395686F2C4D30AC00564DEC /* FitnessAppMero.app */,
			);
			name = Products;
			sourceTree = "<group>";
		};
		C39568712C4D30AC00564DEC /* FitnessAppMero */ = {
			isa = PBXGroup;
			children = (
				C39568972C4ED0D900564DEC /* Managers */,
				C39568882C4E71A200564DEC /* Home */,
				C39568962C4ECE4A00564DEC /* FitnessAppMero.entitlements */,
				C39568722C4D30AC00564DEC /* FitnessAppMeroApp.swift */,
				C39568762C4D30AE00564DEC /* Assets.xcassets */,
				C39568782C4D30AE00564DEC /* Preview Content */,
			);
			path = FitnessAppMero;
			sourceTree = "<group>";
		};
		C39568782C4D30AE00564DEC /* Preview Content */ = {
			isa = PBXGroup;
			children = (
				C39568792C4D30AE00564DEC /* Preview Assets.xcassets */,
			);
			path = "Preview Content";
			sourceTree = "<group>";
		};
		C39568882C4E71A200564DEC /* Home */ = {
			isa = PBXGroup;
			children = (
				C39568912C4EC8BF00564DEC /* Views */,
				C395688D2C4EC49E00564DEC /* ViewModels */,
				C39568902C4EC54D00564DEC /* Models */,
			);
			path = Home;
			sourceTree = "<group>";
		};
		C395688D2C4EC49E00564DEC /* ViewModels */ = {
			isa = PBXGroup;
			children = (
				C395688E2C4EC4BA00564DEC /* HomeViewModel.swift */,
			);
			path = ViewModels;
			sourceTree = "<group>";
		};
		C39568902C4EC54D00564DEC /* Models */ = {
			isa = PBXGroup;
			children = (
				C39568922C4EC91C00564DEC /* Activity.swift */,
				C39568942C4EC94000564DEC /* Workout.swift */,
			);
			path = Models;
			sourceTree = "<group>";
		};
		C39568912C4EC8BF00564DEC /* Views */ = {
			isa = PBXGroup;
			children = (
				C39568802C4E675100564DEC /* HomeView.swift */,
				C39568842C4E677900564DEC /* FitnessTabView.swift */,
				C39568862C4E6B9000564DEC /* ProgressCircleView.swift */,
				C395688B2C4E796700564DEC /* WorkoutCard.swift */,
				C39568892C4E71DD00564DEC /* ActivityCard.swift */,
				C39568822C4E676200564DEC /* HistoricDataView.swift */,
				C39568742C4D30AC00564DEC /* ContentView.swift */,
			);
			path = Views;
			sourceTree = "<group>";
		};
		C39568972C4ED0D900564DEC /* Managers */ = {
			isa = PBXGroup;
			children = (
				C39568982C4ED10300564DEC /* HealthManager.swift */,
			);
			path = Managers;
			sourceTree = "<group>";
		};
/* End PBXGroup section */

/* Begin PBXNativeTarget section */
		C395686E2C4D30AC00564DEC /* FitnessAppMero */ = {
			isa = PBXNativeTarget;
			buildConfigurationList = C395687D2C4D30AE00564DEC /* Build configuration list for PBXNativeTarget "FitnessAppMero" */;
			buildPhases = (
				C395686B2C4D30AC00564DEC /* Sources */,
				C395686C2C4D30AC00564DEC /* Frameworks */,
				C395686D2C4D30AC00564DEC /* Resources */,
			);
			buildRules = (
			);
			dependencies = (
			);
			name = FitnessAppMero;
			productName = FitnessAppMero;
			productReference = C395686F2C4D30AC00564DEC /* FitnessAppMero.app */;
			productType = "com.apple.product-type.application";
		};
/* End PBXNativeTarget section */

/* Begin PBXProject section */
		C39568672C4D30AC00564DEC /* Project object */ = {
			isa = PBXProject;
			attributes = {
				BuildIndependentTargetsInParallel = 1;
				LastSwiftUpdateCheck = 1520;
				LastUpgradeCheck = 1520;
				TargetAttributes = {
					C395686E2C4D30AC00564DEC = {
						CreatedOnToolsVersion = 15.2;
					};
				};
			};
			buildConfigurationList = C395686A2C4D30AC00564DEC /* Build configuration list for PBXProject "FitnessAppMero" */;
			compatibilityVersion = "Xcode 14.0";
			developmentRegion = en;
			hasScannedForEncodings = 0;
			knownRegions = (
				en,
				Base,
			);
			mainGroup = C39568662C4D30AC00564DEC;
			productRefGroup = C39568702C4D30AC00564DEC /* Products */;
			projectDirPath = "";
			projectRoot = "";
			targets = (
				C395686E2C4D30AC00564DEC /* FitnessAppMero */,
			);
		};
/* End PBXProject section */

/* Begin PBXResourcesBuildPhase section */
		C395686D2C4D30AC00564DEC /* Resources */ = {
			isa = PBXResourcesBuildPhase;
			buildActionMask = 2147483647;
			files = (
				C395687A2C4D30AE00564DEC /* Preview Assets.xcassets in Resources */,
				C39568772C4D30AE00564DEC /* Assets.xcassets in Resources */,
			);
			runOnlyForDeploymentPostprocessing = 0;
		};
/* End PBXResourcesBuildPhase section */

/* Begin PBXSourcesBuildPhase section */
		C395686B2C4D30AC00564DEC /* Sources */ = {
			isa = PBXSourcesBuildPhase;
			buildActionMask = 2147483647;
			files = (
				C39568932C4EC91C00564DEC /* Activity.swift in Sources */,
				C39568852C4E677900564DEC /* FitnessTabView.swift in Sources */,
				C395688F2C4EC4BA00564DEC /* HomeViewModel.swift in Sources */,
				C395688C2C4E796700564DEC /* WorkoutCard.swift in Sources */,
				C39568872C4E6B9000564DEC /* ProgressCircleView.swift in Sources */,
				C39568812C4E675100564DEC /* HomeView.swift in Sources */,
				C39568952C4EC94000564DEC /* Workout.swift in Sources */,
				C39568992C4ED10300564DEC /* HealthManager.swift in Sources */,
				C39568752C4D30AC00564DEC /* ContentView.swift in Sources */,
				C39568732C4D30AC00564DEC /* FitnessAppMeroApp.swift in Sources */,
				C395688A2C4E71DD00564DEC /* ActivityCard.swift in Sources */,
				C39568832C4E676200564DEC /* HistoricDataView.swift in Sources */,
			);
			runOnlyForDeploymentPostprocessing = 0;
		};
/* End PBXSourcesBuildPhase section */

/* Begin XCBuildConfiguration section */
		C395687B2C4D30AE00564DEC /* Debug */ = {
			isa = XCBuildConfiguration;
			buildSettings = {
				ALWAYS_SEARCH_USER_PATHS = NO;
				ASSETCATALOG_COMPILER_GENERATE_SWIFT_ASSET_SYMBOL_EXTENSIONS = YES;
				CLANG_ANALYZER_NONNULL = YES;
				CLANG_ANALYZER_NUMBER_OBJECT_CONVERSION = YES_AGGRESSIVE;
				CLANG_CXX_LANGUAGE_STANDARD = "gnu++20";
				CLANG_ENABLE_MODULES = YES;
				CLANG_ENABLE_OBJC_ARC = YES;
				CLANG_ENABLE_OBJC_WEAK = YES;
				CLANG_WARN_BLOCK_CAPTURE_AUTORELEASING = YES;
				CLANG_WARN_BOOL_CONVERSION = YES;
				CLANG_WARN_COMMA = YES;
				CLANG_WARN_CONSTANT_CONVERSION = YES;
				CLANG_WARN_DEPRECATED_OBJC_IMPLEMENTATIONS = YES;
				CLANG_WARN_DIRECT_OBJC_ISA_USAGE = YES_ERROR;
				CLANG_WARN_DOCUMENTATION_COMMENTS = YES;
				CLANG_WARN_EMPTY_BODY = YES;
				CLANG_WARN_ENUM_CONVERSION = YES;
				CLANG_WARN_INFINITE_RECURSION = YES;
				CLANG_WARN_INT_CONVERSION = YES;
				CLANG_WARN_NON_LITERAL_NULL_CONVERSION = YES;
				CLANG_WARN_OBJC_IMPLICIT_RETAIN_SELF = YES;
				CLANG_WARN_OBJC_LITERAL_CONVERSION = YES;
				CLANG_WARN_OBJC_ROOT_CLASS = YES_ERROR;
				CLANG_WARN_QUOTED_INCLUDE_IN_FRAMEWORK_HEADER = YES;
				CLANG_WARN_RANGE_LOOP_ANALYSIS = YES;
				CLANG_WARN_STRICT_PROTOTYPES = YES;
				CLANG_WARN_SUSPICIOUS_MOVE = YES;
				CLANG_WARN_UNGUARDED_AVAILABILITY = YES_AGGRESSIVE;
				CLANG_WARN_UNREACHABLE_CODE = YES;
				CLANG_WARN__DUPLICATE_METHOD_MATCH = YES;
				COPY_PHASE_STRIP = NO;
				DEBUG_INFORMATION_FORMAT = dwarf;
				ENABLE_STRICT_OBJC_MSGSEND = YES;
				ENABLE_TESTABILITY = YES;
				ENABLE_USER_SCRIPT_SANDBOXING = YES;
				GCC_C_LANGUAGE_STANDARD = gnu17;
				GCC_DYNAMIC_NO_PIC = NO;
				GCC_NO_COMMON_BLOCKS = YES;
				GCC_OPTIMIZATION_LEVEL = 0;
				GCC_PREPROCESSOR_DEFINITIONS = (
					"DEBUG=1",
					"$(inherited)",
				);
				GCC_WARN_64_TO_32_BIT_CONVERSION = YES;
				GCC_WARN_ABOUT_RETURN_TYPE = YES_ERROR;
				GCC_WARN_UNDECLARED_SELECTOR = YES;
				GCC_WARN_UNINITIALIZED_AUTOS = YES_AGGRESSIVE;
				GCC_WARN_UNUSED_FUNCTION = YES;
				GCC_WARN_UNUSED_VARIABLE = YES;
				IPHONEOS_DEPLOYMENT_TARGET = 17.2;
				LOCALIZATION_PREFERS_STRING_CATALOGS = YES;
				MTL_ENABLE_DEBUG_INFO = INCLUDE_SOURCE;
				MTL_FAST_MATH = YES;
				ONLY_ACTIVE_ARCH = YES;
				SDKROOT = iphoneos;
				SWIFT_ACTIVE_COMPILATION_CONDITIONS = "DEBUG $(inherited)";
				SWIFT_OPTIMIZATION_LEVEL = "-Onone";
			};
			name = Debug;
		};
		C395687C2C4D30AE00564DEC /* Release */ = {
			isa = XCBuildConfiguration;
			buildSettings = {
				ALWAYS_SEARCH_USER_PATHS = NO;
				ASSETCATALOG_COMPILER_GENERATE_SWIFT_ASSET_SYMBOL_EXTENSIONS = YES;
				CLANG_ANALYZER_NONNULL = YES;
				CLANG_ANALYZER_NUMBER_OBJECT_CONVERSION = YES_AGGRESSIVE;
				CLANG_CXX_LANGUAGE_STANDARD = "gnu++20";
				CLANG_ENABLE_MODULES = YES;
				CLANG_ENABLE_OBJC_ARC = YES;
				CLANG_ENABLE_OBJC_WEAK = YES;
				CLANG_WARN_BLOCK_CAPTURE_AUTORELEASING = YES;
				CLANG_WARN_BOOL_CONVERSION = YES;
				CLANG_WARN_COMMA = YES;
				CLANG_WARN_CONSTANT_CONVERSION = YES;
				CLANG_WARN_DEPRECATED_OBJC_IMPLEMENTATIONS = YES;
				CLANG_WARN_DIRECT_OBJC_ISA_USAGE = YES_ERROR;
				CLANG_WARN_DOCUMENTATION_COMMENTS = YES;
				CLANG_WARN_EMPTY_BODY = YES;
				CLANG_WARN_ENUM_CONVERSION = YES;
				CLANG_WARN_INFINITE_RECURSION = YES;
				CLANG_WARN_INT_CONVERSION = YES;
				CLANG_WARN_NON_LITERAL_NULL_CONVERSION = YES;
				CLANG_WARN_OBJC_IMPLICIT_RETAIN_SELF = YES;
				CLANG_WARN_OBJC_LITERAL_CONVERSION = YES;
				CLANG_WARN_OBJC_ROOT_CLASS = YES_ERROR;
				CLANG_WARN_QUOTED_INCLUDE_IN_FRAMEWORK_HEADER = YES;
				CLANG_WARN_RANGE_LOOP_ANALYSIS = YES;
				CLANG_WARN_STRICT_PROTOTYPES = YES;
				CLANG_WARN_SUSPICIOUS_MOVE = YES;
				CLANG_WARN_UNGUARDED_AVAILABILITY = YES_AGGRESSIVE;
				CLANG_WARN_UNREACHABLE_CODE = YES;
				CLANG_WARN__DUPLICATE_METHOD_MATCH = YES;
				COPY_PHASE_STRIP = NO;
				DEBUG_INFORMATION_FORMAT = "dwarf-with-dsym";
				ENABLE_NS_ASSERTIONS = NO;
				ENABLE_STRICT_OBJC_MSGSEND = YES;
				ENABLE_USER_SCRIPT_SANDBOXING = YES;
				GCC_C_LANGUAGE_STANDARD = gnu17;
				GCC_NO_COMMON_BLOCKS = YES;
				GCC_WARN_64_TO_32_BIT_CONVERSION = YES;
				GCC_WARN_ABOUT_RETURN_TYPE = YES_ERROR;
				GCC_WARN_UNDECLARED_SELECTOR = YES;
				GCC_WARN_UNINITIALIZED_AUTOS = YES_AGGRESSIVE;
				GCC_WARN_UNUSED_FUNCTION = YES;
				GCC_WARN_UNUSED_VARIABLE = YES;
				IPHONEOS_DEPLOYMENT_TARGET = 17.2;
				LOCALIZATION_PREFERS_STRING_CATALOGS = YES;
				MTL_ENABLE_DEBUG_INFO = NO;
				MTL_FAST_MATH = YES;
				SDKROOT = iphoneos;
				SWIFT_COMPILATION_MODE = wholemodule;
				VALIDATE_PRODUCT = YES;
			};
			name = Release;
		};
		C395687E2C4D30AE00564DEC /* Debug */ = {
			isa = XCBuildConfiguration;
			buildSettings = {
				ASSETCATALOG_COMPILER_APPICON_NAME = AppIcon;
				ASSETCATALOG_COMPILER_GLOBAL_ACCENT_COLOR_NAME = AccentColor;
				CODE_SIGN_ENTITLEMENTS = FitnessAppMero/FitnessAppMero.entitlements;
				CODE_SIGN_STYLE = Automatic;
				CURRENT_PROJECT_VERSION = 1;
				DEVELOPMENT_ASSET_PATHS = "\"FitnessAppMero/Preview Content\"";
				DEVELOPMENT_TEAM = 589CPJXU5N;
				ENABLE_PREVIEWS = YES;
				GENERATE_INFOPLIST_FILE = YES;
				INFOPLIST_KEY_NSHealthShareUsageDescription = "Please allow access to enjoy all features of the app.";
				INFOPLIST_KEY_UIApplicationSceneManifest_Generation = YES;
				INFOPLIST_KEY_UIApplicationSupportsIndirectInputEvents = YES;
				INFOPLIST_KEY_UILaunchScreen_Generation = YES;
				INFOPLIST_KEY_UISupportedInterfaceOrientations_iPad = "UIInterfaceOrientationPortrait UIInterfaceOrientationPortraitUpsideDown UIInterfaceOrientationLandscapeLeft UIInterfaceOrientationLandscapeRight";
				INFOPLIST_KEY_UISupportedInterfaceOrientations_iPhone = "UIInterfaceOrientationPortrait UIInterfaceOrientationLandscapeLeft UIInterfaceOrientationLandscapeRight";
				LD_RUNPATH_SEARCH_PATHS = (
					"$(inherited)",
					"@executable_path/Frameworks",
				);
				MARKETING_VERSION = 1.0;
				PRODUCT_BUNDLE_IDENTIFIER = com.mericcembaysar.FitnessAppMero;
				PRODUCT_NAME = "$(TARGET_NAME)";
				SWIFT_EMIT_LOC_STRINGS = YES;
				SWIFT_VERSION = 5.0;
				TARGETED_DEVICE_FAMILY = "1,2";
			};
			name = Debug;
		};
		C395687F2C4D30AE00564DEC /* Release */ = {
			isa = XCBuildConfiguration;
			buildSettings = {
				ASSETCATALOG_COMPILER_APPICON_NAME = AppIcon;
				ASSETCATALOG_COMPILER_GLOBAL_ACCENT_COLOR_NAME = AccentColor;
				CODE_SIGN_ENTITLEMENTS = FitnessAppMero/FitnessAppMero.entitlements;
				CODE_SIGN_STYLE = Automatic;
				CURRENT_PROJECT_VERSION = 1;
				DEVELOPMENT_ASSET_PATHS = "\"FitnessAppMero/Preview Content\"";
				DEVELOPMENT_TEAM = 589CPJXU5N;
				ENABLE_PREVIEWS = YES;
				GENERATE_INFOPLIST_FILE = YES;
				INFOPLIST_KEY_NSHealthShareUsageDescription = "Please allow access to enjoy all features of the app.";
				INFOPLIST_KEY_UIApplicationSceneManifest_Generation = YES;
				INFOPLIST_KEY_UIApplicationSupportsIndirectInputEvents = YES;
				INFOPLIST_KEY_UILaunchScreen_Generation = YES;
				INFOPLIST_KEY_UISupportedInterfaceOrientations_iPad = "UIInterfaceOrientationPortrait UIInterfaceOrientationPortraitUpsideDown UIInterfaceOrientationLandscapeLeft UIInterfaceOrientationLandscapeRight";
				INFOPLIST_KEY_UISupportedInterfaceOrientations_iPhone = "UIInterfaceOrientationPortrait UIInterfaceOrientationLandscapeLeft UIInterfaceOrientationLandscapeRight";
				LD_RUNPATH_SEARCH_PATHS = (
					"$(inherited)",
					"@executable_path/Frameworks",
				);
				MARKETING_VERSION = 1.0;
				PRODUCT_BUNDLE_IDENTIFIER = com.mericcembaysar.FitnessAppMero;
				PRODUCT_NAME = "$(TARGET_NAME)";
				SWIFT_EMIT_LOC_STRINGS = YES;
				SWIFT_VERSION = 5.0;
				TARGETED_DEVICE_FAMILY = "1,2";
			};
			name = Release;
		};
/* End XCBuildConfiguration section */

/* Begin XCConfigurationList section */
		C395686A2C4D30AC00564DEC /* Build configuration list for PBXProject "FitnessAppMero" */ = {
			isa = XCConfigurationList;
			buildConfigurations = (
				C395687B2C4D30AE00564DEC /* Debug */,
				C395687C2C4D30AE00564DEC /* Release */,
			);
			defaultConfigurationIsVisible = 0;
			defaultConfigurationName = Release;
		};
		C395687D2C4D30AE00564DEC /* Build configuration list for PBXNativeTarget "FitnessAppMero" */ = {
			isa = XCConfigurationList;
			buildConfigurations = (
				C395687E2C4D30AE00564DEC /* Debug */,
				C395687F2C4D30AE00564DEC /* Release */,
			);
			defaultConfigurationIsVisible = 0;
			defaultConfigurationName = Release;
		};
/* End XCConfigurationList section */
	};
	rootObject = C39568672C4D30AC00564DEC /* Project object */;
}
